
Microsoft Visual Studio Solution File, Format Version 12.00
# Visual Studio Version 17
VisualStudioVersion = 17.3.32819.101
MinimumVisualStudioVersion = 10.0.40219.1
Project("{2150E333-8FDC-42A3-9474-1A3956D46DE8}") = "src", "src", "{31EFCF34-163D-427E-A45F-B1E45227992E}"
EndProject
Project("{2150E333-8FDC-42A3-9474-1A3956D46DE8}") = "tests", "tests", "{CEE31316-C3DC-4749-AAAD-2A7AE6667E2E}"
EndProject
Project("{2150E333-8FDC-42A3-9474-1A3956D46DE8}") = "corePackages", "corePackages", "{5EF0B7E7-D455-4AAA-9ADE-2733D810CB48}"
EndProject
Project("{9A19103F-16F7-4668-BE54-9A1E7A4F7556}") = "Core.Application", "src\corePackages\Core.Application\Core.Application.csproj", "{4103CEFE-1CC7-44D1-AAC1-351BEA44E494}"
EndProject
Project("{9A19103F-16F7-4668-BE54-9A1E7A4F7556}") = "Core.CrossCuttingConcerns", "src\corePackages\Core.CrossCuttingConcers\Core.CrossCuttingConcerns.csproj", "{4279D985-0CC5-4EF9-81DB-AC210F5A61DB}"
EndProject
Project("{9A19103F-16F7-4668-BE54-9A1E7A4F7556}") = "Core.ElasticSearch", "src\corePackages\Core.ElasticSearch\Core.ElasticSearch.csproj", "{EE687A31-3A99-40C5-982D-CECB29447281}"
EndProject
Project("{9A19103F-16F7-4668-BE54-9A1E7A4F7556}") = "Core.Mailing", "src\corePackages\Core.Mailing\Core.Mailing.csproj", "{63A4ACB1-4B20-40C1-9F75-ECFC1037643B}"
EndProject
Project("{9A19103F-16F7-4668-BE54-9A1E7A4F7556}") = "Core.Persistence", "src\corePackages\Core.Persistence\Core.Persistence.csproj", "{201CB377-0855-4BA2-8215-E46EA2050979}"
EndProject
Project("{9A19103F-16F7-4668-BE54-9A1E7A4F7556}") = "Core.Security", "src\corePackages\Core.Security\Core.Security.csproj", "{A9B272E4-7E99-4530-86AE-F46FEC420D23}"
EndProject
Project("{FAE04EC0-301F-11D3-BF4B-00C04F79EFBC}") = "Domain", "src\Domain\Domain.csproj", "{D5984464-873B-4A08-BFF1-E40A908BC790}"
EndProject
Project("{FAE04EC0-301F-11D3-BF4B-00C04F79EFBC}") = "Application", "src\Application\Application.csproj", "{02A30197-F1CA-4C76-A1C6-E8E676C13D75}"
EndProject
Project("{FAE04EC0-301F-11D3-BF4B-00C04F79EFBC}") = "Infrastructure", "src\Infrastructure\Infrastructure.csproj", "{A6B274FF-0466-4467-B211-BE8B2F5AC5DA}"
EndProject
Project("{FAE04EC0-301F-11D3-BF4B-00C04F79EFBC}") = "Persistence", "src\Persistence\Persistence.csproj", "{20615AD5-DD56-462B-BAE6-A918B931102A}"
EndProject
Project("{FAE04EC0-301F-11D3-BF4B-00C04F79EFBC}") = "WebAPI", "src\WebAPI\WebAPI.csproj", "{913F1A0E-F989-41BE-A7BF-DBD5D7958383}"
EndProject
Global
	GlobalSection(SolutionConfigurationPlatforms) = preSolution
		Debug|Any CPU = Debug|Any CPU
		Release|Any CPU = Release|Any CPU
	EndGlobalSection
	GlobalSection(ProjectConfigurationPlatforms) = postSolution
		{4103CEFE-1CC7-44D1-AAC1-351BEA44E494}.Debug|Any CPU.ActiveCfg = Debug|Any CPU
		{4103CEFE-1CC7-44D1-AAC1-351BEA44E494}.Debug|Any CPU.Build.0 = Debug|Any CPU
		{4103CEFE-1CC7-44D1-AAC1-351BEA44E494}.Release|Any CPU.ActiveCfg = Release|Any CPU
		{4103CEFE-1CC7-44D1-AAC1-351BEA44E494}.Release|Any CPU.Build.0 = Release|Any CPU
		{4279D985-0CC5-4EF9-81DB-AC210F5A61DB}.Debug|Any CPU.ActiveCfg = Debug|Any CPU
		{4279D985-0CC5-4EF9-81DB-AC210F5A61DB}.Debug|Any CPU.Build.0 = Debug|Any CPU
		{4279D985-0CC5-4EF9-81DB-AC210F5A61DB}.Release|Any CPU.ActiveCfg = Release|Any CPU
		{4279D985-0CC5-4EF9-81DB-AC210F5A61DB}.Release|Any CPU.Build.0 = Release|Any CPU
		{EE687A31-3A99-40C5-982D-CECB29447281}.Debug|Any CPU.ActiveCfg = Debug|Any CPU
		{EE687A31-3A99-40C5-982D-CECB29447281}.Debug|Any CPU.Build.0 = Debug|Any CPU
		{EE687A31-3A99-40C5-982D-CECB29447281}.Release|Any CPU.ActiveCfg = Release|Any CPU
		{EE687A31-3A99-40C5-982D-CECB29447281}.Release|Any CPU.Build.0 = Release|Any CPU
		{63A4ACB1-4B20-40C1-9F75-ECFC1037643B}.Debug|Any CPU.ActiveCfg = Debug|Any CPU
		{63A4ACB1-4B20-40C1-9F75-ECFC1037643B}.Debug|Any CPU.Build.0 = Debug|Any CPU
		{63A4ACB1-4B20-40C1-9F75-ECFC1037643B}.Release|Any CPU.ActiveCfg = Release|Any CPU
		{63A4ACB1-4B20-40C1-9F75-ECFC1037643B}.Release|Any CPU.Build.0 = Release|Any CPU
		{201CB377-0855-4BA2-8215-E46EA2050979}.Debug|Any CPU.ActiveCfg = Debug|Any CPU
		{201CB377-0855-4BA2-8215-E46EA2050979}.Debug|Any CPU.Build.0 = Debug|Any CPU
		{201CB377-0855-4BA2-8215-E46EA2050979}.Release|Any CPU.ActiveCfg = Release|Any CPU
		{201CB377-0855-4BA2-8215-E46EA2050979}.Release|Any CPU.Build.0 = Release|Any CPU
		{A9B272E4-7E99-4530-86AE-F46FEC420D23}.Debug|Any CPU.ActiveCfg = Debug|Any CPU
		{A9B272E4-7E99-4530-86AE-F46FEC420D23}.Debug|Any CPU.Build.0 = Debug|Any CPU
		{A9B272E4-7E99-4530-86AE-F46FEC420D23}.Release|Any CPU.ActiveCfg = Release|Any CPU
		{A9B272E4-7E99-4530-86AE-F46FEC420D23}.Release|Any CPU.Build.0 = Release|Any CPU
		{D5984464-873B-4A08-BFF1-E40A908BC790}.Debug|Any CPU.ActiveCfg = Debug|Any CPU
		{D5984464-873B-4A08-BFF1-E40A908BC790}.Debug|Any CPU.Build.0 = Debug|Any CPU
		{D5984464-873B-4A08-BFF1-E40A908BC790}.Release|Any CPU.ActiveCfg = Release|Any CPU
		{D5984464-873B-4A08-BFF1-E40A908BC790}.Release|Any CPU.Build.0 = Release|Any CPU
		{02A30197-F1CA-4C76-A1C6-E8E676C13D75}.Debug|Any CPU.ActiveCfg = Debug|Any CPU
		{02A30197-F1CA-4C76-A1C6-E8E676C13D75}.Debug|Any CPU.Build.0 = Debug|Any CPU
		{02A30197-F1CA-4C76-A1C6-E8E676C13D75}.Release|Any CPU.ActiveCfg = Release|Any CPU
		{02A30197-F1CA-4C76-A1C6-E8E676C13D75}.Release|Any CPU.Build.0 = Release|Any CPU
		{A6B274FF-0466-4467-B211-BE8B2F5AC5DA}.Debug|Any CPU.ActiveCfg = Debug|Any CPU
		{A6B274FF-0466-4467-B211-BE8B2F5AC5DA}.Debug|Any CPU.Build.0 = Debug|Any CPU
		{A6B274FF-0466-4467-B211-BE8B2F5AC5DA}.Release|Any CPU.ActiveCfg = Release|Any CPU
		{A6B274FF-0466-4467-B211-BE8B2F5AC5DA}.Release|Any CPU.Build.0 = Release|Any CPU
		{20615AD5-DD56-462B-BAE6-A918B931102A}.Debug|Any CPU.ActiveCfg = Debug|Any CPU
		{20615AD5-DD56-462B-BAE6-A918B931102A}.Debug|Any CPU.Build.0 = Debug|Any CPU
		{20615AD5-DD56-462B-BAE6-A918B931102A}.Release|Any CPU.ActiveCfg = Release|Any CPU
		{20615AD5-DD56-462B-BAE6-A918B931102A}.Release|Any CPU.Build.0 = Release|Any CPU
		{913F1A0E-F989-41BE-A7BF-DBD5D7958383}.Debug|Any CPU.ActiveCfg = Debug|Any CPU
		{913F1A0E-F989-41BE-A7BF-DBD5D7958383}.Debug|Any CPU.Build.0 = Debug|Any CPU
		{913F1A0E-F989-41BE-A7BF-DBD5D7958383}.Release|Any CPU.ActiveCfg = Release|Any CPU
		{913F1A0E-F989-41BE-A7BF-DBD5D7958383}.Release|Any CPU.Build.0 = Release|Any CPU
	EndGlobalSection
	GlobalSection(SolutionProperties) = preSolution
		HideSolutionNode = FALSE
	EndGlobalSection
	GlobalSection(NestedProjects) = preSolution
		{5EF0B7E7-D455-4AAA-9ADE-2733D810CB48} = {31EFCF34-163D-427E-A45F-B1E45227992E}
		{4103CEFE-1CC7-44D1-AAC1-351BEA44E494} = {5EF0B7E7-D455-4AAA-9ADE-2733D810CB48}
		{4279D985-0CC5-4EF9-81DB-AC210F5A61DB} = {5EF0B7E7-D455-4AAA-9ADE-2733D810CB48}
		{EE687A31-3A99-40C5-982D-CECB29447281} = {5EF0B7E7-D455-4AAA-9ADE-2733D810CB48}
		{63A4ACB1-4B20-40C1-9F75-ECFC1037643B} = {5EF0B7E7-D455-4AAA-9ADE-2733D810CB48}
		{201CB377-0855-4BA2-8215-E46EA2050979} = {5EF0B7E7-D455-4AAA-9ADE-2733D810CB48}
		{A9B272E4-7E99-4530-86AE-F46FEC420D23} = {5EF0B7E7-D455-4AAA-9ADE-2733D810CB48}
		{D5984464-873B-4A08-BFF1-E40A908BC790} = {31EFCF34-163D-427E-A45F-B1E45227992E}
		{02A30197-F1CA-4C76-A1C6-E8E676C13D75} = {31EFCF34-163D-427E-A45F-B1E45227992E}
		{A6B274FF-0466-4467-B211-BE8B2F5AC5DA} = {31EFCF34-163D-427E-A45F-B1E45227992E}
		{20615AD5-DD56-462B-BAE6-A918B931102A} = {31EFCF34-163D-427E-A45F-B1E45227992E}
		{913F1A0E-F989-41BE-A7BF-DBD5D7958383} = {31EFCF34-163D-427E-A45F-B1E45227992E}
	EndGlobalSection
	GlobalSection(ExtensibilityGlobals) = postSolution
		SolutionGuid = {7995240D-26EB-4C56-8DF6-BC7349381D7A}
	EndGlobalSection
EndGlobal
